// !$*UTF8*$!
{
	archiveVersion = 1;
	classes = {
	};
	objectVersion = 46;
	objects = {

/* Begin PBXBuildFile section */
		646277901BE83D1D00209905 /* main.m in Sources */ = {isa = PBXBuildFile; fileRef = 6462778F1BE83D1D00209905 /* main.m */; };
		646277931BE83D1D00209905 /* AppDelegate.m in Sources */ = {isa = PBXBuildFile; fileRef = 646277921BE83D1D00209905 /* AppDelegate.m */; };
		646277961BE83D1D00209905 /* ViewController.m in Sources */ = {isa = PBXBuildFile; fileRef = 646277951BE83D1D00209905 /* ViewController.m */; };
		646277991BE83D1D00209905 /* Main.storyboard in Resources */ = {isa = PBXBuildFile; fileRef = 646277971BE83D1D00209905 /* Main.storyboard */; };
		6462779B1BE83D1D00209905 /* Assets.xcassets in Resources */ = {isa = PBXBuildFile; fileRef = 6462779A1BE83D1D00209905 /* Assets.xcassets */; };
		6462779E1BE83D1D00209905 /* LaunchScreen.storyboard in Resources */ = {isa = PBXBuildFile; fileRef = 6462779C1BE83D1D00209905 /* LaunchScreen.storyboard */; };
		646277AA1BE83D4800209905 /* CNImageCollectionVC.m in Sources */ = {isa = PBXBuildFile; fileRef = 646277A71BE83D4800209905 /* CNImageCollectionVC.m */; };
		646277AB1BE83D4800209905 /* CNImageCollectionView.m in Sources */ = {isa = PBXBuildFile; fileRef = 646277A91BE83D4800209905 /* CNImageCollectionView.m */; };
		646277AD1BE843DF00209905 /* white_logo.png in Resources */ = {isa = PBXBuildFile; fileRef = 646277AC1BE843DF00209905 /* white_logo.png */; };
/* End PBXBuildFile section */

/* Begin PBXFileReference section */
		6462778B1BE83D1D00209905 /* 图片放大预览.app */ = {isa = PBXFileReference; explicitFileType = wrapper.application; includeInIndex = 0; path = "图片放大预览.app"; sourceTree = BUILT_PRODUCTS_DIR; };
		6462778F1BE83D1D00209905 /* main.m */ = {isa = PBXFileReference; lastKnownFileType = sourcecode.c.objc; path = main.m; sourceTree = "<group>"; };
		646277911BE83D1D00209905 /* AppDelegate.h */ = {isa = PBXFileReference; lastKnownFileType = sourcecode.c.h; path = AppDelegate.h; sourceTree = "<group>"; };
		646277921BE83D1D00209905 /* AppDelegate.m */ = {isa = PBXFileReference; lastKnownFileType = sourcecode.c.objc; path = AppDelegate.m; sourceTree = "<group>"; };
		646277941BE83D1D00209905 /* ViewController.h */ = {isa = PBXFileReference; lastKnownFileType = sourcecode.c.h; path = ViewController.h; sourceTree = "<group>"; };
		646277951BE83D1D00209905 /* ViewController.m */ = {isa = PBXFileReference; lastKnownFileType = sourcecode.c.objc; path = ViewController.m; sourceTree = "<group>"; };
		646277981BE83D1D00209905 /* Base */ = {isa = PBXFileReference; lastKnownFileType = file.storyboard; name = Base; path = Base.lproj/Main.storyboard; sourceTree = "<group>"; };
		6462779A1BE83D1D00209905 /* Assets.xcassets */ = {isa = PBXFileReference; lastKnownFileType = folder.assetcatalog; path = Assets.xcassets; sourceTree = "<group>"; };
		6462779D1BE83D1D00209905 /* Base */ = {isa = PBXFileReference; lastKnownFileType = file.storyboard; name = Base; path = Base.lproj/LaunchScreen.storyboard; sourceTree = "<group>"; };
		6462779F1BE83D1D00209905 /* Info.plist */ = {isa = PBXFileReference; lastKnownFileType = text.plist.xml; path = Info.plist; sourceTree = "<group>"; };
		646277A61BE83D4800209905 /* CNImageCollectionVC.h */ = {isa = PBXFileReference; fileEncoding = 4; lastKnownFileType = sourcecode.c.h; path = CNImageCollectionVC.h; sourceTree = "<group>"; };
		646277A71BE83D4800209905 /* CNImageCollectionVC.m */ = {isa = PBXFileReference; fileEncoding = 4; lastKnownFileType = sourcecode.c.objc; path = CNImageCollectionVC.m; sourceTree = "<group>"; };
		646277A81BE83D4800209905 /* CNImageCollectionView.h */ = {isa = PBXFileReference; fileEncoding = 4; lastKnownFileType = sourcecode.c.h; path = CNImageCollectionView.h; sourceTree = "<group>"; };
		646277A91BE83D4800209905 /* CNImageCollectionView.m */ = {isa = PBXFileReference; fileEncoding = 4; lastKnownFileType = sourcecode.c.objc; path = CNImageCollectionView.m; sourceTree = "<group>"; };
		646277AC1BE843DF00209905 /* white_logo.png */ = {isa = PBXFileReference; lastKnownFileType = image.png; path = white_logo.png; sourceTree = "<group>"; };
/* End PBXFileReference section */

/* Begin PBXFrameworksBuildPhase section */
		646277881BE83D1D00209905 /* Frameworks */ = {
			isa = PBXFrameworksBuildPhase;
			buildActionMask = 2147483647;
			files = (
			);
			runOnlyForDeploymentPostprocessing = 0;
		};
/* End PBXFrameworksBuildPhase section */

/* Begin PBXGroup section */
		646277821BE83D1D00209905 = {
			isa = PBXGroup;
			children = (
				6462778D1BE83D1D00209905 /* 图片放大预览 */,
				6462778C1BE83D1D00209905 /* Products */,
			);
			sourceTree = "<group>";
		};
		6462778C1BE83D1D00209905 /* Products */ = {
			isa = PBXGroup;
			children = (
				6462778B1BE83D1D00209905 /* 图片放大预览.app */,
			);
			name = Products;
			sourceTree = "<group>";
		};
		6462778D1BE83D1D00209905 /* 图片放大预览 */ = {
			isa = PBXGroup;
			children = (
				646277A51BE83D4800209905 /* CNImageCollectionView */,
				646277911BE83D1D00209905 /* AppDelegate.h */,
				646277921BE83D1D00209905 /* AppDelegate.m */,
				646277941BE83D1D00209905 /* ViewController.h */,
				646277951BE83D1D00209905 /* ViewController.m */,
				646277971BE83D1D00209905 /* Main.storyboard */,
				6462779A1BE83D1D00209905 /* Assets.xcassets */,
				6462779C1BE83D1D00209905 /* LaunchScreen.storyboard */,
				6462779F1BE83D1D00209905 /* Info.plist */,
				6462778E1BE83D1D00209905 /* Supporting Files */,
			);
			path = "图片放大预览";
			sourceTree = "<group>";
		};
		6462778E1BE83D1D00209905 /* Supporting Files */ = {
			isa = PBXGroup;
			children = (
				6462778F1BE83D1D00209905 /* main.m */,
			);
			name = "Supporting Files";
			sourceTree = "<group>";
		};
		646277A51BE83D4800209905 /* CNImageCollectionView */ = {
			isa = PBXGroup;
			children = (
				646277AC1BE843DF00209905 /* white_logo.png */,
				646277A61BE83D4800209905 /* CNImageCollectionVC.h */,
				646277A71BE83D4800209905 /* CNImageCollectionVC.m */,
				646277A81BE83D4800209905 /* CNImageCollectionView.h */,
				646277A91BE83D4800209905 /* CNImageCollectionView.m */,
			);
			path = CNImageCollectionView;
			sourceTree = "<group>";
		};
/* End PBXGroup section */

/* Begin PBXNativeTarget section */
		6462778A1BE83D1D00209905 /* 图片放大预览 */ = {
			isa = PBXNativeTarget;
			buildConfigurationList = 646277A21BE83D1D00209905 /* Build configuration list for PBXNativeTarget "图片放大预览" */;
			buildPhases = (
				646277871BE83D1D00209905 /* Sources */,
				646277881BE83D1D00209905 /* Frameworks */,
				646277891BE83D1D00209905 /* Resources */,
			);
			buildRules = (
			);
			dependencies = (
			);
			name = "图片放大预览";
			productName = "图片放大预览";
			productReference = 6462778B1BE83D1D00209905 /* 图片放大预览.app */;
			productType = "com.apple.product-type.application";
		};
/* End PBXNativeTarget section */

/* Begin PBXProject section */
		646277831BE83D1D00209905 /* Project object */ = {
			isa = PBXProject;
			attributes = {
				LastUpgradeCheck = 0710;
				ORGANIZATIONNAME = "谢方振";
				TargetAttributes = {
					6462778A1BE83D1D00209905 = {
						CreatedOnToolsVersion = 7.1;
						DevelopmentTeam = S6L7HZ9T7T;
					};
				};
			};
			buildConfigurationList = 646277861BE83D1D00209905 /* Build configuration list for PBXProject "图片放大预览" */;
			compatibilityVersion = "Xcode 3.2";
			developmentRegion = English;
			hasScannedForEncodings = 0;
			knownRegions = (
				en,
				Base,
			);
			mainGroup = 646277821BE83D1D00209905;
			productRefGroup = 6462778C1BE83D1D00209905 /* Products */;
			projectDirPath = "";
			projectRoot = "";
			targets = (
				6462778A1BE83D1D00209905 /* 图片放大预览 */,
			);
		};
/* End PBXProject section */

/* Begin PBXResourcesBuildPhase section */
		646277891BE83D1D00209905 /* Resources */ = {
			isa = PBXResourcesBuildPhase;
			buildActionMask = 2147483647;
			files = (
				6462779E1BE83D1D00209905 /* LaunchScreen.storyboard in Resources */,
				6462779B1BE83D1D00209905 /* Assets.xcassets in Resources */,
				646277AD1BE843DF00209905 /* white_logo.png in Resources */,
				646277991BE83D1D00209905 /* Main.storyboard in Resources */,
			);
			runOnlyForDeploymentPostprocessing = 0;
		};
/* End PBXResourcesBuildPhase section */

/* Begin PBXSourcesBuildPhase section */
		646277871BE83D1D00209905 /* Sources */ = {
			isa = PBXSourcesBuildPhase;
			buildActionMask = 2147483647;
			files = (
				646277961BE83D1D00209905 /* ViewController.m in Sources */,
				646277AA1BE83D4800209905 /* CNImageCollectionVC.m in Sources */,
				646277931BE83D1D00209905 /* AppDelegate.m in Sources */,
				646277AB1BE83D4800209905 /* CNImageCollectionView.m in Sources */,
				646277901BE83D1D00209905 /* main.m in Sources */,
			);
			runOnlyForDeploymentPostprocessing = 0;
		};
/* End PBXSourcesBuildPhase section */

/* Begin PBXVariantGroup section */
		646277971BE83D1D00209905 /* Main.storyboard */ = {
			isa = PBXVariantGroup;
			children = (
				646277981BE83D1D00209905 /* Base */,
			);
			name = Main.storyboard;
			sourceTree = "<group>";
		};
		6462779C1BE83D1D00209905 /* LaunchScreen.storyboard */ = {
			isa = PBXVariantGroup;
			children = (
				6462779D1BE83D1D00209905 /* Base */,
			);
			name = LaunchScreen.storyboard;
			sourceTree = "<group>";
		};
/* End PBXVariantGroup section */

/* Begin XCBuildConfiguration section */
		646277A01BE83D1D00209905 /* Debug */ = {
			isa = XCBuildConfiguration;
			buildSettings = {
				ALWAYS_SEARCH_USER_PATHS = NO;
				CLANG_CXX_LANGUAGE_STANDARD = "gnu++0x";
				CLANG_CXX_LIBRARY = "libc++";
				CLANG_ENABLE_MODULES = YES;
				CLANG_ENABLE_OBJC_ARC = YES;
				CLANG_WARN_BOOL_CONVERSION = YES;
				CLANG_WARN_CONSTANT_CONVERSION = YES;
				CLANG_WARN_DIRECT_OBJC_ISA_USAGE = YES_ERROR;
				CLANG_WARN_EMPTY_BODY = YES;
				CLANG_WARN_ENUM_CONVERSION = YES;
				CLANG_WARN_INT_CONVERSION = YES;
				CLANG_WARN_OBJC_ROOT_CLASS = YES_ERROR;
				CLANG_WARN_UNREACHABLE_CODE = YES;
				CLANG_WARN__DUPLICATE_METHOD_MATCH = YES;
				"CODE_SIGN_IDENTITY[sdk=iphoneos*]" = "iPhone Developer";
				COPY_PHASE_STRIP = NO;
				DEBUG_INFORMATION_FORMAT = dwarf;
				ENABLE_STRICT_OBJC_MSGSEND = YES;
				ENABLE_TESTABILITY = YES;
				GCC_C_LANGUAGE_STANDARD = gnu99;
				GCC_DYNAMIC_NO_PIC = NO;
				GCC_NO_COMMON_BLOCKS = YES;
				GCC_OPTIMIZATION_LEVEL = 0;
				GCC_PREPROCESSOR_DEFINITIONS = (
					"DEBUG=1",
					"$(inherited)",
				);
				GCC_WARN_64_TO_32_BIT_CONVERSION = YES;
				GCC_WARN_ABOUT_RETURN_TYPE = YES_ERROR;
				GCC_WARN_UNDECLARED_SELECTOR = YES;
				GCC_WARN_UNINITIALIZED_AUTOS = YES_AGGRESSIVE;
				GCC_WARN_UNUSED_FUNCTION = YES;
				GCC_WARN_UNUSED_VARIABLE = YES;
				IPHONEOS_DEPLOYMENT_TARGET = 9.1;
				MTL_ENABLE_DEBUG_INFO = YES;
				ONLY_ACTIVE_ARCH = YES;
				SDKROOT = iphoneos;
			};
			name = Debug;
		};
		646277A11BE83D1D00209905 /* Release */ = {
			isa = XCBuildConfiguration;
			buildSettings = {
				ALWAYS_SEARCH_USER_PATHS = NO;
				CLANG_CXX_LANGUAGE_STANDARD = "gnu++0x";
				CLANG_CXX_LIBRARY = "libc++";
				CLANG_ENABLE_MODULES = YES;
				CLANG_ENABLE_OBJC_ARC = YES;
				CLANG_WARN_BOOL_CONVERSION = YES;
				CLANG_WARN_CONSTANT_CONVERSION = YES;
				CLANG_WARN_DIRECT_OBJC_ISA_USAGE = YES_ERROR;
				CLANG_WARN_EMPTY_BODY = YES;
				CLANG_WARN_ENUM_CONVERSION = YES;
				CLANG_WARN_INT_CONVERSION = YES;
				CLANG_WARN_OBJC_ROOT_CLASS = YES_ERROR;
				CLANG_WARN_UNREACHABLE_CODE = YES;
				CLANG_WARN__DUPLICATE_METHOD_MATCH = YES;
				"CODE_SIGN_IDENTITY[sdk=iphoneos*]" = "iPhone Developer";
				COPY_PHASE_STRIP = NO;
				DEBUG_INFORMATION_FORMAT = "dwarf-with-dsym";
				ENABLE_NS_ASSERTIONS = NO;
				ENABLE_STRICT_OBJC_MSGSEND = YES;
				GCC_C_LANGUAGE_STANDARD = gnu99;
				GCC_NO_COMMON_BLOCKS = YES;
				GCC_WARN_64_TO_32_BIT_CONVERSION = YES;
				GCC_WARN_ABOUT_RETURN_TYPE = YES_ERROR;
				GCC_WARN_UNDECLARED_SELECTOR = YES;
				GCC_WARN_UNINITIALIZED_AUTOS = YES_AGGRESSIVE;
				GCC_WARN_UNUSED_FUNCTION = YES;
				GCC_WARN_UNUSED_VARIABLE = YES;
				IPHONEOS_DEPLOYMENT_TARGET = 9.1;
				MTL_ENABLE_DEBUG_INFO = NO;
				SDKROOT = iphoneos;
				VALIDATE_PRODUCT = YES;
			};
			name = Release;
		};
		646277A31BE83D1D00209905 /* Debug */ = {
			isa = XCBuildConfiguration;
			buildSettings = {
				ASSETCATALOG_COMPILER_APPICON_NAME = AppIcon;
				INFOPLIST_FILE = "图片放大预览/Info.plist";
				LD_RUNPATH_SEARCH_PATHS = "$(inherited) @executable_path/Frameworks";
				PRODUCT_BUNDLE_IDENTIFIER = "com.dhcc.------";
				PRODUCT_NAME = "$(TARGET_NAME)";
			};
			name = Debug;
		};
		646277A41BE83D1D00209905 /* Release */ = {
			isa = XCBuildConfiguration;
			buildSettings = {
				ASSETCATALOG_COMPILER_APPICON_NAME = AppIcon;
				INFOPLIST_FILE = "图片放大预览/Info.plist";
				LD_RUNPATH_SEARCH_PATHS = "$(inherited) @executable_path/Frameworks";
				PRODUCT_BUNDLE_IDENTIFIER = "com.dhcc.------";
				PRODUCT_NAME = "$(TARGET_NAME)";
			};
			name = Release;
		};
/* End XCBuildConfiguration section */

/* Begin XCConfigurationList section */
		646277861BE83D1D00209905 /* Build configuration list for PBXProject "图片放大预览" */ = {
			isa = XCConfigurationList;
			buildConfigurations = (
				646277A01BE83D1D00209905 /* Debug */,
				646277A11BE83D1D00209905 /* Release */,
			);
			defaultConfigurationIsVisible = 0;
			defaultConfigurationName = Release;
		};
		646277A21BE83D1D00209905 /* Build configuration list for PBXNativeTarget "图片放大预览" */ = {
			isa = XCConfigurationList;
			buildConfigurations = (
				646277A31BE83D1D00209905 /* Debug */,
				646277A41BE83D1D00209905 /* Release */,
			);
			defaultConfigurationIsVisible = 0;
		};
/* End XCConfigurationList section */
	};
	rootObject = 646277831BE83D1D00209905 /* Project object */;
}
